// !$*UTF8*$!
{
	archiveVersion = 1;
	classes = {
	};
	objectVersion = 46;
	objects = {

/* Begin PBXBuildFile section */
		84A068F519F44AF900A4D629 /* main.m in Sources */ = {isa = PBXBuildFile; fileRef = 84A068F419F44AF900A4D629 /* main.m */; };
		84A068F819F44AF900A4D629 /* AppDelegate.m in Sources */ = {isa = PBXBuildFile; fileRef = 84A068F719F44AF900A4D629 /* AppDelegate.m */; };
		84A068FB19F44AF900A4D629 /* GameScene.m in Sources */ = {isa = PBXBuildFile; fileRef = 84A068FA19F44AF900A4D629 /* GameScene.m */; };
		84A068FD19F44AF900A4D629 /* GameScene.sks in Resources */ = {isa = PBXBuildFile; fileRef = 84A068FC19F44AF900A4D629 /* GameScene.sks */; };
		84A0690019F44AF900A4D629 /* GameViewController.m in Sources */ = {isa = PBXBuildFile; fileRef = 84A068FF19F44AF900A4D629 /* GameViewController.m */; };
		84A0690319F44AF900A4D629 /* Main.storyboard in Resources */ = {isa = PBXBuildFile; fileRef = 84A0690119F44AF900A4D629 /* Main.storyboard */; };
		84A0690519F44AF900A4D629 /* Images.xcassets in Resources */ = {isa = PBXBuildFile; fileRef = 84A0690419F44AF900A4D629 /* Images.xcassets */; };
		84A0690819F44AF900A4D629 /* LaunchScreen.xib in Resources */ = {isa = PBXBuildFile; fileRef = 84A0690619F44AF900A4D629 /* LaunchScreen.xib */; };
		84A0691419F44AF900A4D629 /* TestSpriteKitPrpjTests.m in Sources */ = {isa = PBXBuildFile; fileRef = 84A0691319F44AF900A4D629 /* TestSpriteKitPrpjTests.m */; };
/* End PBXBuildFile section */

/* Begin PBXContainerItemProxy section */
		84A0690E19F44AF900A4D629 /* PBXContainerItemProxy */ = {
			isa = PBXContainerItemProxy;
			containerPortal = 84A068E719F44AF800A4D629 /* Project object */;
			proxyType = 1;
			remoteGlobalIDString = 84A068EE19F44AF900A4D629;
			remoteInfo = TestSpriteKitPrpj;
		};
/* End PBXContainerItemProxy section */

/* Begin PBXFileReference section */
		84A068EF19F44AF900A4D629 /* TestSpriteKitPrpj.app */ = {isa = PBXFileReference; explicitFileType = wrapper.application; includeInIndex = 0; path = TestSpriteKitPrpj.app; sourceTree = BUILT_PRODUCTS_DIR; };
		84A068F319F44AF900A4D629 /* Info.plist */ = {isa = PBXFileReference; lastKnownFileType = text.plist.xml; path = Info.plist; sourceTree = "<group>"; };
		84A068F419F44AF900A4D629 /* main.m */ = {isa = PBXFileReference; lastKnownFileType = sourcecode.c.objc; path = main.m; sourceTree = "<group>"; };
		84A068F619F44AF900A4D629 /* AppDelegate.h */ = {isa = PBXFileReference; lastKnownFileType = sourcecode.c.h; path = AppDelegate.h; sourceTree = "<group>"; };
		84A068F719F44AF900A4D629 /* AppDelegate.m */ = {isa = PBXFileReference; lastKnownFileType = sourcecode.c.objc; path = AppDelegate.m; sourceTree = "<group>"; };
		84A068F919F44AF900A4D629 /* GameScene.h */ = {isa = PBXFileReference; lastKnownFileType = sourcecode.c.h; path = GameScene.h; sourceTree = "<group>"; };
		84A068FA19F44AF900A4D629 /* GameScene.m */ = {isa = PBXFileReference; lastKnownFileType = sourcecode.c.objc; path = GameScene.m; sourceTree = "<group>"; };
		84A068FC19F44AF900A4D629 /* GameScene.sks */ = {isa = PBXFileReference; lastKnownFileType = file.sks; path = GameScene.sks; sourceTree = "<group>"; };
		84A068FE19F44AF900A4D629 /* GameViewController.h */ = {isa = PBXFileReference; lastKnownFileType = sourcecode.c.h; path = GameViewController.h; sourceTree = "<group>"; };
		84A068FF19F44AF900A4D629 /* GameViewController.m */ = {isa = PBXFileReference; lastKnownFileType = sourcecode.c.objc; path = GameViewController.m; sourceTree = "<group>"; };
		84A0690219F44AF900A4D629 /* Base */ = {isa = PBXFileReference; lastKnownFileType = file.storyboard; name = Base; path = Base.lproj/Main.storyboard; sourceTree = "<group>"; };
		84A0690419F44AF900A4D629 /* Images.xcassets */ = {isa = PBXFileReference; lastKnownFileType = folder.assetcatalog; path = Images.xcassets; sourceTree = "<group>"; };
		84A0690719F44AF900A4D629 /* Base */ = {isa = PBXFileReference; lastKnownFileType = file.xib; name = Base; path = Base.lproj/LaunchScreen.xib; sourceTree = "<group>"; };
		84A0690D19F44AF900A4D629 /* TestSpriteKitPrpjTests.xctest */ = {isa = PBXFileReference; explicitFileType = wrapper.cfbundle; includeInIndex = 0; path = TestSpriteKitPrpjTests.xctest; sourceTree = BUILT_PRODUCTS_DIR; };
		84A0691219F44AF900A4D629 /* Info.plist */ = {isa = PBXFileReference; lastKnownFileType = text.plist.xml; path = Info.plist; sourceTree = "<group>"; };
		84A0691319F44AF900A4D629 /* TestSpriteKitPrpjTests.m */ = {isa = PBXFileReference; lastKnownFileType = sourcecode.c.objc; path = TestSpriteKitPrpjTests.m; sourceTree = "<group>"; };
/* End PBXFileReference section */

/* Begin PBXFrameworksBuildPhase section */
		84A068EC19F44AF900A4D629 /* Frameworks */ = {
			isa = PBXFrameworksBuildPhase;
			buildActionMask = 2147483647;
			files = (
			);
			runOnlyForDeploymentPostprocessing = 0;
		};
		84A0690A19F44AF900A4D629 /* Frameworks */ = {
			isa = PBXFrameworksBuildPhase;
			buildActionMask = 2147483647;
			files = (
			);
			runOnlyForDeploymentPostprocessing = 0;
		};
/* End PBXFrameworksBuildPhase section */

/* Begin PBXGroup section */
		84A068E619F44AF800A4D629 = {
			isa = PBXGroup;
			children = (
				84A068F119F44AF900A4D629 /* TestSpriteKitPrpj */,
				84A0691019F44AF900A4D629 /* TestSpriteKitPrpjTests */,
				84A068F019F44AF900A4D629 /* Products */,
			);
			sourceTree = "<group>";
		};
		84A068F019F44AF900A4D629 /* Products */ = {
			isa = PBXGroup;
			children = (
				84A068EF19F44AF900A4D629 /* TestSpriteKitPrpj.app */,
				84A0690D19F44AF900A4D629 /* TestSpriteKitPrpjTests.xctest */,
			);
			name = Products;
			sourceTree = "<group>";
		};
		84A068F119F44AF900A4D629 /* TestSpriteKitPrpj */ = {
			isa = PBXGroup;
			children = (
				84A068F619F44AF900A4D629 /* AppDelegate.h */,
				84A068F719F44AF900A4D629 /* AppDelegate.m */,
				84A068F919F44AF900A4D629 /* GameScene.h */,
				84A068FA19F44AF900A4D629 /* GameScene.m */,
				84A068FC19F44AF900A4D629 /* GameScene.sks */,
				84A068FE19F44AF900A4D629 /* GameViewController.h */,
				84A068FF19F44AF900A4D629 /* GameViewController.m */,
				84A0690119F44AF900A4D629 /* Main.storyboard */,
				84A0690419F44AF900A4D629 /* Images.xcassets */,
				84A0690619F44AF900A4D629 /* LaunchScreen.xib */,
				84A068F219F44AF900A4D629 /* Supporting Files */,
			);
			path = TestSpriteKitPrpj;
			sourceTree = "<group>";
		};
		84A068F219F44AF900A4D629 /* Supporting Files */ = {
			isa = PBXGroup;
			children = (
				84A068F319F44AF900A4D629 /* Info.plist */,
				84A068F419F44AF900A4D629 /* main.m */,
			);
			name = "Supporting Files";
			sourceTree = "<group>";
		};
		84A0691019F44AF900A4D629 /* TestSpriteKitPrpjTests */ = {
			isa = PBXGroup;
			children = (
				84A0691319F44AF900A4D629 /* TestSpriteKitPrpjTests.m */,
				84A0691119F44AF900A4D629 /* Supporting Files */,
			);
			path = TestSpriteKitPrpjTests;
			sourceTree = "<group>";
		};
		84A0691119F44AF900A4D629 /* Supporting Files */ = {
			isa = PBXGroup;
			children = (
				84A0691219F44AF900A4D629 /* Info.plist */,
			);
			name = "Supporting Files";
			sourceTree = "<group>";
		};
/* End PBXGroup section */

/* Begin PBXNativeTarget section */
		84A068EE19F44AF900A4D629 /* TestSpriteKitPrpj */ = {
			isa = PBXNativeTarget;
			buildConfigurationList = 84A0691719F44AF900A4D629 /* Build configuration list for PBXNativeTarget "TestSpriteKitPrpj" */;
			buildPhases = (
				84A068EB19F44AF900A4D629 /* Sources */,
				84A068EC19F44AF900A4D629 /* Frameworks */,
				84A068ED19F44AF900A4D629 /* Resources */,
			);
			buildRules = (
			);
			dependencies = (
			);
			name = TestSpriteKitPrpj;
			productName = TestSpriteKitPrpj;
			productReference = 84A068EF19F44AF900A4D629 /* TestSpriteKitPrpj.app */;
			productType = "com.apple.product-type.application";
		};
		84A0690C19F44AF900A4D629 /* TestSpriteKitPrpjTests */ = {
			isa = PBXNativeTarget;
			buildConfigurationList = 84A0691A19F44AF900A4D629 /* Build configuration list for PBXNativeTarget "TestSpriteKitPrpjTests" */;
			buildPhases = (
				84A0690919F44AF900A4D629 /* Sources */,
				84A0690A19F44AF900A4D629 /* Frameworks */,
				84A0690B19F44AF900A4D629 /* Resources */,
			);
			buildRules = (
			);
			dependencies = (
				84A0690F19F44AF900A4D629 /* PBXTargetDependency */,
			);
			name = TestSpriteKitPrpjTests;
			productName = TestSpriteKitPrpjTests;
			productReference = 84A0690D19F44AF900A4D629 /* TestSpriteKitPrpjTests.xctest */;
			productType = "com.apple.product-type.bundle.unit-test";
		};
/* End PBXNativeTarget section */

/* Begin PBXProject section */
		84A068E719F44AF800A4D629 /* Project object */ = {
			isa = PBXProject;
			attributes = {
				LastUpgradeCheck = 0600;
				ORGANIZATIONNAME = Org;
				TargetAttributes = {
					84A068EE19F44AF900A4D629 = {
						CreatedOnToolsVersion = 6.0.1;
					};
					84A0690C19F44AF900A4D629 = {
						CreatedOnToolsVersion = 6.0.1;
						TestTargetID = 84A068EE19F44AF900A4D629;
					};
				};
			};
			buildConfigurationList = 84A068EA19F44AF900A4D629 /* Build configuration list for PBXProject "TestSpriteKitPrpj" */;
			compatibilityVersion = "Xcode 3.2";
			developmentRegion = English;
			hasScannedForEncodings = 0;
			knownRegions = (
				en,
				Base,
			);
			mainGroup = 84A068E619F44AF800A4D629;
			productRefGroup = 84A068F019F44AF900A4D629 /* Products */;
			projectDirPath = "";
			projectRoot = "";
			targets = (
				84A068EE19F44AF900A4D629 /* TestSpriteKitPrpj */,
				84A0690C19F44AF900A4D629 /* TestSpriteKitPrpjTests */,
			);
		};
/* End PBXProject section */

/* Begin PBXResourcesBuildPhase section */
		84A068ED19F44AF900A4D629 /* Resources */ = {
			isa = PBXResourcesBuildPhase;
			buildActionMask = 2147483647;
			files = (
				84A0690819F44AF900A4D629 /* LaunchScreen.xib in Resources */,
				84A0690519F44AF900A4D629 /* Images.xcassets in Resources */,
				84A068FD19F44AF900A4D629 /* GameScene.sks in Resources */,
				84A0690319F44AF900A4D629 /* Main.storyboard in Resources */,
			);
			runOnlyForDeploymentPostprocessing = 0;
		};
		84A0690B19F44AF900A4D629 /* Resources */ = {
			isa = PBXResourcesBuildPhase;
			buildActionMask = 2147483647;
			files = (
			);
			runOnlyForDeploymentPostprocessing = 0;
		};
/* End PBXResourcesBuildPhase section */

/* Begin PBXSourcesBuildPhase section */
		84A068EB19F44AF900A4D629 /* Sources */ = {
			isa = PBXSourcesBuildPhase;
			buildActionMask = 2147483647;
			files = (
				84A0690019F44AF900A4D629 /* GameViewController.m in Sources */,
				84A068F819F44AF900A4D629 /* AppDelegate.m in Sources */,
				84A068FB19F44AF900A4D629 /* GameScene.m in Sources */,
				84A068F519F44AF900A4D629 /* main.m in Sources */,
			);
			runOnlyForDeploymentPostprocessing = 0;
		};
		84A0690919F44AF900A4D629 /* Sources */ = {
			isa = PBXSourcesBuildPhase;
			buildActionMask = 2147483647;
			files = (
				84A0691419F44AF900A4D629 /* TestSpriteKitPrpjTests.m in Sources */,
			);
			runOnlyForDeploymentPostprocessing = 0;
		};
/* End PBXSourcesBuildPhase section */

/* Begin PBXTargetDependency section */
		84A0690F19F44AF900A4D629 /* PBXTargetDependency */ = {
			isa = PBXTargetDependency;
			target = 84A068EE19F44AF900A4D629 /* TestSpriteKitPrpj */;
			targetProxy = 84A0690E19F44AF900A4D629 /* PBXContainerItemProxy */;
		};
/* End PBXTargetDependency section */

/* Begin PBXVariantGroup section */
		84A0690119F44AF900A4D629 /* Main.storyboard */ = {
			isa = PBXVariantGroup;
			children = (
				84A0690219F44AF900A4D629 /* Base */,
			);
			name = Main.storyboard;
			sourceTree = "<group>";
		};
		84A0690619F44AF900A4D629 /* LaunchScreen.xib */ = {
			isa = PBXVariantGroup;
			children = (
				84A0690719F44AF900A4D629 /* Base */,
			);
			name = LaunchScreen.xib;
			sourceTree = "<group>";
		};
/* End PBXVariantGroup section */

/* Begin XCBuildConfiguration section */
		84A0691519F44AF900A4D629 /* Debug */ = {
			isa = XCBuildConfiguration;
			buildSettings = {
				ALWAYS_SEARCH_USER_PATHS = NO;
				CLANG_CXX_LANGUAGE_STANDARD = "gnu++0x";
				CLANG_CXX_LIBRARY = "libc++";
				CLANG_ENABLE_MODULES = YES;
				CLANG_ENABLE_OBJC_ARC = YES;
				CLANG_WARN_BOOL_CONVERSION = YES;
				CLANG_WARN_CONSTANT_CONVERSION = YES;
				CLANG_WARN_DIRECT_OBJC_ISA_USAGE = YES_ERROR;
				CLANG_WARN_EMPTY_BODY = YES;
				CLANG_WARN_ENUM_CONVERSION = YES;
				CLANG_WARN_INT_CONVERSION = YES;
				CLANG_WARN_OBJC_ROOT_CLASS = YES_ERROR;
				CLANG_WARN_UNREACHABLE_CODE = YES;
				CLANG_WARN__DUPLICATE_METHOD_MATCH = YES;
				"CODE_SIGN_IDENTITY[sdk=iphoneos*]" = "iPhone Developer";
				COPY_PHASE_STRIP = NO;
				ENABLE_STRICT_OBJC_MSGSEND = YES;
				GCC_C_LANGUAGE_STANDARD = gnu99;
				GCC_DYNAMIC_NO_PIC = NO;
				GCC_OPTIMIZATION_LEVEL = 0;
				GCC_PREPROCESSOR_DEFINITIONS = (
					"DEBUG=1",
					"$(inherited)",
				);
				GCC_SYMBOLS_PRIVATE_EXTERN = NO;
				GCC_WARN_64_TO_32_BIT_CONVERSION = YES;
				GCC_WARN_ABOUT_RETURN_TYPE = YES_ERROR;
				GCC_WARN_UNDECLARED_SELECTOR = YES;
				GCC_WARN_UNINITIALIZED_AUTOS = YES_AGGRESSIVE;
				GCC_WARN_UNUSED_FUNCTION = YES;
				GCC_WARN_UNUSED_VARIABLE = YES;
				IPHONEOS_DEPLOYMENT_TARGET = 8.0;
				MTL_ENABLE_DEBUG_INFO = YES;
				ONLY_ACTIVE_ARCH = YES;
				SDKROOT = iphoneos;
			};
			name = Debug;
		};
		84A0691619F44AF900A4D629 /* Release */ = {
			isa = XCBuildConfiguration;
			buildSettings = {
				ALWAYS_SEARCH_USER_PATHS = NO;
				CLANG_CXX_LANGUAGE_STANDARD = "gnu++0x";
				CLANG_CXX_LIBRARY = "libc++";
				CLANG_ENABLE_MODULES = YES;
				CLANG_ENABLE_OBJC_ARC = YES;
				CLANG_WARN_BOOL_CONVERSION = YES;
				CLANG_WARN_CONSTANT_CONVERSION = YES;
				CLANG_WARN_DIRECT_OBJC_ISA_USAGE = YES_ERROR;
				CLANG_WARN_EMPTY_BODY = YES;
				CLANG_WARN_ENUM_CONVERSION = YES;
				CLANG_WARN_INT_CONVERSION = YES;
				CLANG_WARN_OBJC_ROOT_CLASS = YES_ERROR;
				CLANG_WARN_UNREACHABLE_CODE = YES;
				CLANG_WARN__DUPLICATE_METHOD_MATCH = YES;
				"CODE_SIGN_IDENTITY[sdk=iphoneos*]" = "iPhone Developer";
				COPY_PHASE_STRIP = YES;
				ENABLE_NS_ASSERTIONS = NO;
				ENABLE_STRICT_OBJC_MSGSEND = YES;
				GCC_C_LANGUAGE_STANDARD = gnu99;
				GCC_WARN_64_TO_32_BIT_CONVERSION = YES;
				GCC_WARN_ABOUT_RETURN_TYPE = YES_ERROR;
				GCC_WARN_UNDECLARED_SELECTOR = YES;
				GCC_WARN_UNINITIALIZED_AUTOS = YES_AGGRESSIVE;
				GCC_WARN_UNUSED_FUNCTION = YES;
				GCC_WARN_UNUSED_VARIABLE = YES;
				IPHONEOS_DEPLOYMENT_TARGET = 8.0;
				MTL_ENABLE_DEBUG_INFO = NO;
				SDKROOT = iphoneos;
				VALIDATE_PRODUCT = YES;
			};
			name = Release;
		};
		84A0691819F44AF900A4D629 /* Debug */ = {
			isa = XCBuildConfiguration;
			buildSettings = {
				ASSETCATALOG_COMPILER_APPICON_NAME = AppIcon;
				INFOPLIST_FILE = TestSpriteKitPrpj/Info.plist;
				IPHONEOS_DEPLOYMENT_TARGET = 7.0;
				LD_RUNPATH_SEARCH_PATHS = "$(inherited) @executable_path/Frameworks";
				PRODUCT_NAME = "$(TARGET_NAME)";
			};
			name = Debug;
		};
		84A0691919F44AF900A4D629 /* Release */ = {
			isa = XCBuildConfiguration;
			buildSettings = {
				ASSETCATALOG_COMPILER_APPICON_NAME = AppIcon;
				INFOPLIST_FILE = TestSpriteKitPrpj/Info.plist;
				IPHONEOS_DEPLOYMENT_TARGET = 7.0;
				LD_RUNPATH_SEARCH_PATHS = "$(inherited) @executable_path/Frameworks";
				PRODUCT_NAME = "$(TARGET_NAME)";
			};
			name = Release;
		};
		84A0691B19F44AF900A4D629 /* Debug */ = {
			isa = XCBuildConfiguration;
			buildSettings = {
				BUNDLE_LOADER = "$(TEST_HOST)";
				FRAMEWORK_SEARCH_PATHS = (
					"$(SDKROOT)/Developer/Library/Frameworks",
					"$(inherited)",
				);
				GCC_PREPROCESSOR_DEFINITIONS = (
					"DEBUG=1",
					"$(inherited)",
				);
				INFOPLIST_FILE = TestSpriteKitPrpjTests/Info.plist;
				LD_RUNPATH_SEARCH_PATHS = "$(inherited) @executable_path/Frameworks @loader_path/Frameworks";
				PRODUCT_NAME = "$(TARGET_NAME)";
				TEST_HOST = "$(BUILT_PRODUCTS_DIR)/TestSpriteKitPrpj.app/TestSpriteKitPrpj";
			};
			name = Debug;
		};
		84A0691C19F44AF900A4D629 /* Release */ = {
			isa = XCBuildConfiguration;
			buildSettings = {
				BUNDLE_LOADER = "$(TEST_HOST)";
				FRAMEWORK_SEARCH_PATHS = (
					"$(SDKROOT)/Developer/Library/Frameworks",
					"$(inherited)",
				);
				INFOPLIST_FILE = TestSpriteKitPrpjTests/Info.plist;
				LD_RUNPATH_SEARCH_PATHS = "$(inherited) @executable_path/Frameworks @loader_path/Frameworks";
				PRODUCT_NAME = "$(TARGET_NAME)";
				TEST_HOST = "$(BUILT_PRODUCTS_DIR)/TestSpriteKitPrpj.app/TestSpriteKitPrpj";
			};
			name = Release;
		};
/* End XCBuildConfiguration section */

/* Begin XCConfigurationList section */
		84A068EA19F44AF900A4D629 /* Build configuration list for PBXProject "TestSpriteKitPrpj" */ = {
			isa = XCConfigurationList;
			buildConfigurations = (
				84A0691519F44AF900A4D629 /* Debug */,
				84A0691619F44AF900A4D629 /* Release */,
			);
			defaultConfigurationIsVisible = 0;
			defaultConfigurationName = Release;
		};
		84A0691719F44AF900A4D629 /* Build configuration list for PBXNativeTarget "TestSpriteKitPrpj" */ = {
			isa = XCConfigurationList;
			buildConfigurations = (
				84A0691819F44AF900A4D629 /* Debug */,
				84A0691919F44AF900A4D629 /* Release */,
			);
			defaultConfigurationIsVisible = 0;
			defaultConfigurationName = Release;
		};
		84A0691A19F44AF900A4D629 /* Build configuration list for PBXNativeTarget "TestSpriteKitPrpjTests" */ = {
			isa = XCConfigurationList;
			buildConfigurations = (
				84A0691B19F44AF900A4D629 /* Debug */,
				84A0691C19F44AF900A4D629 /* Release */,
			);
			defaultConfigurationIsVisible = 0;
			defaultConfigurationName = Release;
		};
/* End XCConfigurationList section */
	};
	rootObject = 84A068E719F44AF800A4D629 /* Project object */;
}
